
Microsoft Visual Studio Solution File, Format Version 12.00
# Visual Studio Version 16
VisualStudioVersion = 16.0.30804.86
MinimumVisualStudioVersion = 10.0.40219.1
Project("{FAE04EC0-301F-11D3-BF4B-00C04F79EFBC}") = "DBFirst", "DBFirst\DBFirst.csproj", "{0DA921B8-556A-48E9-92E1-AAA4BB79B4FC}"
EndProject
Global
	GlobalSection(SolutionConfigurationPlatforms) = preSolution
		Debug|Any CPU = Debug|Any CPU
		Release|Any CPU = Release|Any CPU
	EndGlobalSection
	GlobalSection(ProjectConfigurationPlatforms) = postSolution
		{0DA921B8-556A-48E9-92E1-AAA4BB79B4FC}.Debug|Any CPU.ActiveCfg = Debug|Any CPU
		{0DA921B8-556A-48E9-92E1-AAA4BB79B4FC}.Debug|Any CPU.Build.0 = Debug|Any CPU
		{0DA921B8-556A-48E9-92E1-AAA4BB79B4FC}.Release|Any CPU.ActiveCfg = Release|Any CPU
		{0DA921B8-556A-48E9-92E1-AAA4BB79B4FC}.Release|Any CPU.Build.0 = Release|Any CPU
	EndGlobalSection
	GlobalSection(SolutionProperties) = preSolution
		HideSolutionNode = FALSE
	EndGlobalSection
	GlobalSection(ExtensibilityGlobals) = postSolution
		SolutionGuid = {82192B56-47E4-4317-9B05-CF94EED08517}
	EndGlobalSection
EndGlobal
